
Microsoft Visual Studio Solution File, Format Version 12.00
# Visual Studio Version 16
VisualStudioVersion = 16.0.31005.135
MinimumVisualStudioVersion = 10.0.40219.1
Project("{9A19103F-16F7-4668-BE54-9A1E7A4F7556}") = "DBFirstBack-End", "DBFirstBack-End.csproj", "{F1ABB5FB-13FF-4403-B15E-1B86E444821A}"
EndProject
Project("{FAE04EC0-301F-11D3-BF4B-00C04F79EFBC}") = "ApiRestNorthwind", "..\ApiRestNorthwind\ApiRestNorthwind.csproj", "{D408E782-097D-44AF-B021-BCD14C64BD05}"
EndProject
Global
	GlobalSection(SolutionConfigurationPlatforms) = preSolution
		Debug|Any CPU = Debug|Any CPU
		Release|Any CPU = Release|Any CPU
	EndGlobalSection
	GlobalSection(ProjectConfigurationPlatforms) = postSolution
		{F1ABB5FB-13FF-4403-B15E-1B86E444821A}.Debug|Any CPU.ActiveCfg = Debug|Any CPU
		{F1ABB5FB-13FF-4403-B15E-1B86E444821A}.Debug|Any CPU.Build.0 = Debug|Any CPU
		{F1ABB5FB-13FF-4403-B15E-1B86E444821A}.Release|Any CPU.ActiveCfg = Release|Any CPU
		{F1ABB5FB-13FF-4403-B15E-1B86E444821A}.Release|Any CPU.Build.0 = Release|Any CPU
		{D408E782-097D-44AF-B021-BCD14C64BD05}.Debug|Any CPU.ActiveCfg = Debug|Any CPU
		{D408E782-097D-44AF-B021-BCD14C64BD05}.Debug|Any CPU.Build.0 = Debug|Any CPU
		{D408E782-097D-44AF-B021-BCD14C64BD05}.Release|Any CPU.ActiveCfg = Release|Any CPU
		{D408E782-097D-44AF-B021-BCD14C64BD05}.Release|Any CPU.Build.0 = Release|Any CPU
	EndGlobalSection
	GlobalSection(SolutionProperties) = preSolution
		HideSolutionNode = FALSE
	EndGlobalSection
	GlobalSection(ExtensibilityGlobals) = postSolution
		SolutionGuid = {EAE222E2-8E27-4A0A-8396-17B3889C077E}
	EndGlobalSection
EndGlobal
